
Microsoft Visual Studio Solution File, Format Version 12.00
# Visual Studio Version 17
VisualStudioVersion = 17.5.33530.505
MinimumVisualStudioVersion = 10.0.40219.1
Project("{FAE04EC0-301F-11D3-BF4B-00C04F79EFBC}") = "Calculator", "Calculator\Calculator.csproj", "{C0BD6687-4DC3-4594-911E-45A2EAC3064D}"
EndProject
Global
	GlobalSection(SolutionConfigurationPlatforms) = preSolution
		Debug|Any CPU = Debug|Any CPU
		Release|Any CPU = Release|Any CPU
	EndGlobalSection
	GlobalSection(ProjectConfigurationPlatforms) = postSolution
		{C0BD6687-4DC3-4594-911E-45A2EAC3064D}.Debug|Any CPU.ActiveCfg = Debug|Any CPU
		{C0BD6687-4DC3-4594-911E-45A2EAC3064D}.Debug|Any CPU.Build.0 = Debug|Any CPU
		{C0BD6687-4DC3-4594-911E-45A2EAC3064D}.Release|Any CPU.ActiveCfg = Release|Any CPU
		{C0BD6687-4DC3-4594-911E-45A2EAC3064D}.Release|Any CPU.Build.0 = Release|Any CPU
	EndGlobalSection
	GlobalSection(SolutionProperties) = preSolution
		HideSolutionNode = FALSE
	EndGlobalSection
	GlobalSection(ExtensibilityGlobals) = postSolution
		SolutionGuid = {9869D332-DEBF-4A8C-9722-CAF47774234F}
	EndGlobalSection
EndGlobal
