
Microsoft Visual Studio Solution File, Format Version 12.00
# Visual Studio Version 17
VisualStudioVersion = 17.5.33530.505
MinimumVisualStudioVersion = 10.0.40219.1
Project("{FAE04EC0-301F-11D3-BF4B-00C04F79EFBC}") = "InterfaceAndDI", "InterfaceAndDI\InterfaceAndDI.csproj", "{B505C1F9-88EC-453C-A7F8-7432D62CE65A}"
EndProject
Global
	GlobalSection(SolutionConfigurationPlatforms) = preSolution
		Debug|Any CPU = Debug|Any CPU
		Release|Any CPU = Release|Any CPU
	EndGlobalSection
	GlobalSection(ProjectConfigurationPlatforms) = postSolution
		{B505C1F9-88EC-453C-A7F8-7432D62CE65A}.Debug|Any CPU.ActiveCfg = Debug|Any CPU
		{B505C1F9-88EC-453C-A7F8-7432D62CE65A}.Debug|Any CPU.Build.0 = Debug|Any CPU
		{B505C1F9-88EC-453C-A7F8-7432D62CE65A}.Release|Any CPU.ActiveCfg = Release|Any CPU
		{B505C1F9-88EC-453C-A7F8-7432D62CE65A}.Release|Any CPU.Build.0 = Release|Any CPU
	EndGlobalSection
	GlobalSection(SolutionProperties) = preSolution
		HideSolutionNode = FALSE
	EndGlobalSection
	GlobalSection(ExtensibilityGlobals) = postSolution
		SolutionGuid = {906E28C7-BF6D-48EF-BB29-613D42E73782}
	EndGlobalSection
EndGlobal
