
Microsoft Visual Studio Solution File, Format Version 12.00
# Visual Studio Version 17
VisualStudioVersion = 17.5.33530.505
MinimumVisualStudioVersion = 10.0.40219.1
Project("{FAE04EC0-301F-11D3-BF4B-00C04F79EFBC}") = "Bank", "Bank\Bank.csproj", "{9521D874-9AF5-4A77-B1DB-22EDFF688122}"
EndProject
Project("{FAE04EC0-301F-11D3-BF4B-00C04F79EFBC}") = "BankTests", "BankTests\BankTests.csproj", "{4AD25357-F720-4F8B-8D5E-46D70B707D25}"
EndProject
Global
	GlobalSection(SolutionConfigurationPlatforms) = preSolution
		Debug|Any CPU = Debug|Any CPU
		Release|Any CPU = Release|Any CPU
	EndGlobalSection
	GlobalSection(ProjectConfigurationPlatforms) = postSolution
		{9521D874-9AF5-4A77-B1DB-22EDFF688122}.Debug|Any CPU.ActiveCfg = Debug|Any CPU
		{9521D874-9AF5-4A77-B1DB-22EDFF688122}.Debug|Any CPU.Build.0 = Debug|Any CPU
		{9521D874-9AF5-4A77-B1DB-22EDFF688122}.Release|Any CPU.ActiveCfg = Release|Any CPU
		{9521D874-9AF5-4A77-B1DB-22EDFF688122}.Release|Any CPU.Build.0 = Release|Any CPU
		{4AD25357-F720-4F8B-8D5E-46D70B707D25}.Debug|Any CPU.ActiveCfg = Debug|Any CPU
		{4AD25357-F720-4F8B-8D5E-46D70B707D25}.Debug|Any CPU.Build.0 = Debug|Any CPU
		{4AD25357-F720-4F8B-8D5E-46D70B707D25}.Release|Any CPU.ActiveCfg = Release|Any CPU
		{4AD25357-F720-4F8B-8D5E-46D70B707D25}.Release|Any CPU.Build.0 = Release|Any CPU
	EndGlobalSection
	GlobalSection(SolutionProperties) = preSolution
		HideSolutionNode = FALSE
	EndGlobalSection
	GlobalSection(ExtensibilityGlobals) = postSolution
		SolutionGuid = {EF5E9E5E-F7A0-4741-9A68-A4B34EFD1C1A}
	EndGlobalSection
EndGlobal
